// !$*UTF8*$!
{
	archiveVersion = 1;
	classes = {
	};
	objectVersion = 50;
	objects = {

/* Begin PBXBuildFile section */
		8C3351B521271C4000F402B3 /* PresentModel.xcdatamodeld in Sources */ = {isa = PBXBuildFile; fileRef = 8C3351B321271C4000F402B3 /* PresentModel.xcdatamodeld */; };
		8CE9132D212671010094FF08 /* AppDelegate.swift in Sources */ = {isa = PBXBuildFile; fileRef = 8CE9132C212671010094FF08 /* AppDelegate.swift */; };
		8CE91332212671010094FF08 /* Main.storyboard in Resources */ = {isa = PBXBuildFile; fileRef = 8CE91330212671010094FF08 /* Main.storyboard */; };
		8CE91334212671040094FF08 /* Assets.xcassets in Resources */ = {isa = PBXBuildFile; fileRef = 8CE91333212671040094FF08 /* Assets.xcassets */; };
		8CE91337212671040094FF08 /* LaunchScreen.storyboard in Resources */ = {isa = PBXBuildFile; fileRef = 8CE91335212671040094FF08 /* LaunchScreen.storyboard */; };
		8CE9133F212678C80094FF08 /* ChristmasPresentsTableViewController.swift in Sources */ = {isa = PBXBuildFile; fileRef = 8CE9133E212678C80094FF08 /* ChristmasPresentsTableViewController.swift */; };
		8CE91341212679EB0094FF08 /* PresentsTableViewCell.swift in Sources */ = {isa = PBXBuildFile; fileRef = 8CE91340212679EB0094FF08 /* PresentsTableViewCell.swift */; };
/* End PBXBuildFile section */

/* Begin PBXFileReference section */
		8C3351B421271C4000F402B3 /* PresentModel.xcdatamodel */ = {isa = PBXFileReference; lastKnownFileType = wrapper.xcdatamodel; path = PresentModel.xcdatamodel; sourceTree = "<group>"; };
		8CE91329212671010094FF08 /* PresentBase.app */ = {isa = PBXFileReference; explicitFileType = wrapper.application; includeInIndex = 0; path = PresentBase.app; sourceTree = BUILT_PRODUCTS_DIR; };
		8CE9132C212671010094FF08 /* AppDelegate.swift */ = {isa = PBXFileReference; lastKnownFileType = sourcecode.swift; path = AppDelegate.swift; sourceTree = "<group>"; };
		8CE91331212671010094FF08 /* Base */ = {isa = PBXFileReference; lastKnownFileType = file.storyboard; name = Base; path = Base.lproj/Main.storyboard; sourceTree = "<group>"; };
		8CE91333212671040094FF08 /* Assets.xcassets */ = {isa = PBXFileReference; lastKnownFileType = folder.assetcatalog; path = Assets.xcassets; sourceTree = "<group>"; };
		8CE91336212671040094FF08 /* Base */ = {isa = PBXFileReference; lastKnownFileType = file.storyboard; name = Base; path = Base.lproj/LaunchScreen.storyboard; sourceTree = "<group>"; };
		8CE91338212671040094FF08 /* Info.plist */ = {isa = PBXFileReference; lastKnownFileType = text.plist.xml; path = Info.plist; sourceTree = "<group>"; };
		8CE9133E212678C80094FF08 /* ChristmasPresentsTableViewController.swift */ = {isa = PBXFileReference; lastKnownFileType = sourcecode.swift; path = ChristmasPresentsTableViewController.swift; sourceTree = "<group>"; };
		8CE91340212679EB0094FF08 /* PresentsTableViewCell.swift */ = {isa = PBXFileReference; lastKnownFileType = sourcecode.swift; path = PresentsTableViewCell.swift; sourceTree = "<group>"; };
/* End PBXFileReference section */

/* Begin PBXFrameworksBuildPhase section */
		8CE91326212671010094FF08 /* Frameworks */ = {
			isa = PBXFrameworksBuildPhase;
			buildActionMask = 2147483647;
			files = (
			);
			runOnlyForDeploymentPostprocessing = 0;
		};
/* End PBXFrameworksBuildPhase section */

/* Begin PBXGroup section */
		8CE91320212671010094FF08 = {
			isa = PBXGroup;
			children = (
				8CE9132B212671010094FF08 /* PresentBase */,
				8CE9132A212671010094FF08 /* Products */,
			);
			sourceTree = "<group>";
		};
		8CE9132A212671010094FF08 /* Products */ = {
			isa = PBXGroup;
			children = (
				8CE91329212671010094FF08 /* PresentBase.app */,
			);
			name = Products;
			sourceTree = "<group>";
		};
		8CE9132B212671010094FF08 /* PresentBase */ = {
			isa = PBXGroup;
			children = (
				8CE9132C212671010094FF08 /* AppDelegate.swift */,
				8CE9133E212678C80094FF08 /* ChristmasPresentsTableViewController.swift */,
				8CE91340212679EB0094FF08 /* PresentsTableViewCell.swift */,
				8CE91330212671010094FF08 /* Main.storyboard */,
				8CE91333212671040094FF08 /* Assets.xcassets */,
				8CE91335212671040094FF08 /* LaunchScreen.storyboard */,
				8CE91338212671040094FF08 /* Info.plist */,
				8C3351B321271C4000F402B3 /* PresentModel.xcdatamodeld */,
			);
			path = PresentBase;
			sourceTree = "<group>";
		};
/* End PBXGroup section */

/* Begin PBXNativeTarget section */
		8CE91328212671010094FF08 /* PresentBase */ = {
			isa = PBXNativeTarget;
			buildConfigurationList = 8CE9133B212671040094FF08 /* Build configuration list for PBXNativeTarget "PresentBase" */;
			buildPhases = (
				8CE91325212671010094FF08 /* Sources */,
				8CE91326212671010094FF08 /* Frameworks */,
				8CE91327212671010094FF08 /* Resources */,
			);
			buildRules = (
			);
			dependencies = (
			);
			name = PresentBase;
			productName = PresentBase;
			productReference = 8CE91329212671010094FF08 /* PresentBase.app */;
			productType = "com.apple.product-type.application";
		};
/* End PBXNativeTarget section */

/* Begin PBXProject section */
		8CE91321212671010094FF08 /* Project object */ = {
			isa = PBXProject;
			attributes = {
				LastSwiftUpdateCheck = 0940;
				LastUpgradeCheck = 0940;
				ORGANIZATIONNAME = "Charles Martin Reed";
				TargetAttributes = {
					8CE91328212671010094FF08 = {
						CreatedOnToolsVersion = 9.4.1;
					};
				};
			};
			buildConfigurationList = 8CE91324212671010094FF08 /* Build configuration list for PBXProject "PresentBase" */;
			compatibilityVersion = "Xcode 9.3";
			developmentRegion = en;
			hasScannedForEncodings = 0;
			knownRegions = (
				en,
				Base,
			);
			mainGroup = 8CE91320212671010094FF08;
			productRefGroup = 8CE9132A212671010094FF08 /* Products */;
			projectDirPath = "";
			projectRoot = "";
			targets = (
				8CE91328212671010094FF08 /* PresentBase */,
			);
		};
/* End PBXProject section */

/* Begin PBXResourcesBuildPhase section */
		8CE91327212671010094FF08 /* Resources */ = {
			isa = PBXResourcesBuildPhase;
			buildActionMask = 2147483647;
			files = (
				8CE91337212671040094FF08 /* LaunchScreen.storyboard in Resources */,
				8CE91334212671040094FF08 /* Assets.xcassets in Resources */,
				8CE91332212671010094FF08 /* Main.storyboard in Resources */,
			);
			runOnlyForDeploymentPostprocessing = 0;
		};
/* End PBXResourcesBuildPhase section */

/* Begin PBXSourcesBuildPhase section */
		8CE91325212671010094FF08 /* Sources */ = {
			isa = PBXSourcesBuildPhase;
			buildActionMask = 2147483647;
			files = (
				8CE9133F212678C80094FF08 /* ChristmasPresentsTableViewController.swift in Sources */,
				8CE9132D212671010094FF08 /* AppDelegate.swift in Sources */,
				8CE91341212679EB0094FF08 /* PresentsTableViewCell.swift in Sources */,
				8C3351B521271C4000F402B3 /* PresentModel.xcdatamodeld in Sources */,
			);
			runOnlyForDeploymentPostprocessing = 0;
		};
/* End PBXSourcesBuildPhase section */

/* Begin PBXVariantGroup section */
		8CE91330212671010094FF08 /* Main.storyboard */ = {
			isa = PBXVariantGroup;
			children = (
				8CE91331212671010094FF08 /* Base */,
			);
			name = Main.storyboard;
			sourceTree = "<group>";
		};
		8CE91335212671040094FF08 /* LaunchScreen.storyboard */ = {
			isa = PBXVariantGroup;
			children = (
				8CE91336212671040094FF08 /* Base */,
			);
			name = LaunchScreen.storyboard;
			sourceTree = "<group>";
		};
/* End PBXVariantGroup section */

/* Begin XCBuildConfiguration section */
		8CE91339212671040094FF08 /* Debug */ = {
			isa = XCBuildConfiguration;
			buildSettings = {
				ALWAYS_SEARCH_USER_PATHS = NO;
				CLANG_ANALYZER_NONNULL = YES;
				CLANG_ANALYZER_NUMBER_OBJECT_CONVERSION = YES_AGGRESSIVE;
				CLANG_CXX_LANGUAGE_STANDARD = "gnu++14";
				CLANG_CXX_LIBRARY = "libc++";
				CLANG_ENABLE_MODULES = YES;
				CLANG_ENABLE_OBJC_ARC = YES;
				CLANG_ENABLE_OBJC_WEAK = YES;
				CLANG_WARN_BLOCK_CAPTURE_AUTORELEASING = YES;
				CLANG_WARN_BOOL_CONVERSION = YES;
				CLANG_WARN_COMMA = YES;
				CLANG_WARN_CONSTANT_CONVERSION = YES;
				CLANG_WARN_DEPRECATED_OBJC_IMPLEMENTATIONS = YES;
				CLANG_WARN_DIRECT_OBJC_ISA_USAGE = YES_ERROR;
				CLANG_WARN_DOCUMENTATION_COMMENTS = YES;
				CLANG_WARN_EMPTY_BODY = YES;
				CLANG_WARN_ENUM_CONVERSION = YES;
				CLANG_WARN_INFINITE_RECURSION = YES;
				CLANG_WARN_INT_CONVERSION = YES;
				CLANG_WARN_NON_LITERAL_NULL_CONVERSION = YES;
				CLANG_WARN_OBJC_IMPLICIT_RETAIN_SELF = YES;
				CLANG_WARN_OBJC_LITERAL_CONVERSION = YES;
				CLANG_WARN_OBJC_ROOT_CLASS = YES_ERROR;
				CLANG_WARN_RANGE_LOOP_ANALYSIS = YES;
				CLANG_WARN_STRICT_PROTOTYPES = YES;
				CLANG_WARN_SUSPICIOUS_MOVE = YES;
				CLANG_WARN_UNGUARDED_AVAILABILITY = YES_AGGRESSIVE;
				CLANG_WARN_UNREACHABLE_CODE = YES;
				CLANG_WARN__DUPLICATE_METHOD_MATCH = YES;
				CODE_SIGN_IDENTITY = "iPhone Developer";
				COPY_PHASE_STRIP = NO;
				DEBUG_INFORMATION_FORMAT = dwarf;
				ENABLE_STRICT_OBJC_MSGSEND = YES;
				ENABLE_TESTABILITY = YES;
				GCC_C_LANGUAGE_STANDARD = gnu11;
				GCC_DYNAMIC_NO_PIC = NO;
				GCC_NO_COMMON_BLOCKS = YES;
				GCC_OPTIMIZATION_LEVEL = 0;
				GCC_PREPROCESSOR_DEFINITIONS = (
					"DEBUG=1",
					"$(inherited)",
				);
				GCC_WARN_64_TO_32_BIT_CONVERSION = YES;
				GCC_WARN_ABOUT_RETURN_TYPE = YES_ERROR;
				GCC_WARN_UNDECLARED_SELECTOR = YES;
				GCC_WARN_UNINITIALIZED_AUTOS = YES_AGGRESSIVE;
				GCC_WARN_UNUSED_FUNCTION = YES;
				GCC_WARN_UNUSED_VARIABLE = YES;
				IPHONEOS_DEPLOYMENT_TARGET = 11.4;
				MTL_ENABLE_DEBUG_INFO = YES;
				ONLY_ACTIVE_ARCH = YES;
				SDKROOT = iphoneos;
				SWIFT_ACTIVE_COMPILATION_CONDITIONS = DEBUG;
				SWIFT_OPTIMIZATION_LEVEL = "-Onone";
			};
			name = Debug;
		};
		8CE9133A212671040094FF08 /* Release */ = {
			isa = XCBuildConfiguration;
			buildSettings = {
				ALWAYS_SEARCH_USER_PATHS = NO;
				CLANG_ANALYZER_NONNULL = YES;
				CLANG_ANALYZER_NUMBER_OBJECT_CONVERSION = YES_AGGRESSIVE;
				CLANG_CXX_LANGUAGE_STANDARD = "gnu++14";
				CLANG_CXX_LIBRARY = "libc++";
				CLANG_ENABLE_MODULES = YES;
				CLANG_ENABLE_OBJC_ARC = YES;
				CLANG_ENABLE_OBJC_WEAK = YES;
				CLANG_WARN_BLOCK_CAPTURE_AUTORELEASING = YES;
				CLANG_WARN_BOOL_CONVERSION = YES;
				CLANG_WARN_COMMA = YES;
				CLANG_WARN_CONSTANT_CONVERSION = YES;
				CLANG_WARN_DEPRECATED_OBJC_IMPLEMENTATIONS = YES;
				CLANG_WARN_DIRECT_OBJC_ISA_USAGE = YES_ERROR;
				CLANG_WARN_DOCUMENTATION_COMMENTS = YES;
				CLANG_WARN_EMPTY_BODY = YES;
				CLANG_WARN_ENUM_CONVERSION = YES;
				CLANG_WARN_INFINITE_RECURSION = YES;
				CLANG_WARN_INT_CONVERSION = YES;
				CLANG_WARN_NON_LITERAL_NULL_CONVERSION = YES;
				CLANG_WARN_OBJC_IMPLICIT_RETAIN_SELF = YES;
				CLANG_WARN_OBJC_LITERAL_CONVERSION = YES;
				CLANG_WARN_OBJC_ROOT_CLASS = YES_ERROR;
				CLANG_WARN_RANGE_LOOP_ANALYSIS = YES;
				CLANG_WARN_STRICT_PROTOTYPES = YES;
				CLANG_WARN_SUSPICIOUS_MOVE = YES;
				CLANG_WARN_UNGUARDED_AVAILABILITY = YES_AGGRESSIVE;
				CLANG_WARN_UNREACHABLE_CODE = YES;
				CLANG_WARN__DUPLICATE_METHOD_MATCH = YES;
				CODE_SIGN_IDENTITY = "iPhone Developer";
				COPY_PHASE_STRIP = NO;
				DEBUG_INFORMATION_FORMAT = "dwarf-with-dsym";
				ENABLE_NS_ASSERTIONS = NO;
				ENABLE_STRICT_OBJC_MSGSEND = YES;
				GCC_C_LANGUAGE_STANDARD = gnu11;
				GCC_NO_COMMON_BLOCKS = YES;
				GCC_WARN_64_TO_32_BIT_CONVERSION = YES;
				GCC_WARN_ABOUT_RETURN_TYPE = YES_ERROR;
				GCC_WARN_UNDECLARED_SELECTOR = YES;
				GCC_WARN_UNINITIALIZED_AUTOS = YES_AGGRESSIVE;
				GCC_WARN_UNUSED_FUNCTION = YES;
				GCC_WARN_UNUSED_VARIABLE = YES;
				IPHONEOS_DEPLOYMENT_TARGET = 11.4;
				MTL_ENABLE_DEBUG_INFO = NO;
				SDKROOT = iphoneos;
				SWIFT_COMPILATION_MODE = wholemodule;
				SWIFT_OPTIMIZATION_LEVEL = "-O";
				VALIDATE_PRODUCT = YES;
			};
			name = Release;
		};
		8CE9133C212671040094FF08 /* Debug */ = {
			isa = XCBuildConfiguration;
			buildSettings = {
				ASSETCATALOG_COMPILER_APPICON_NAME = AppIcon;
				CODE_SIGN_STYLE = Automatic;
				INFOPLIST_FILE = PresentBase/Info.plist;
				LD_RUNPATH_SEARCH_PATHS = (
					"$(inherited)",
					"@executable_path/Frameworks",
				);
				PRODUCT_BUNDLE_IDENTIFIER = com.charlesmartinreed.PresentBase;
				PRODUCT_NAME = "$(TARGET_NAME)";
				SWIFT_VERSION = 4.0;
				TARGETED_DEVICE_FAMILY = "1,2";
			};
			name = Debug;
		};
		8CE9133D212671040094FF08 /* Release */ = {
			isa = XCBuildConfiguration;
			buildSettings = {
				ASSETCATALOG_COMPILER_APPICON_NAME = AppIcon;
				CODE_SIGN_STYLE = Automatic;
				INFOPLIST_FILE = PresentBase/Info.plist;
				LD_RUNPATH_SEARCH_PATHS = (
					"$(inherited)",
					"@executable_path/Frameworks",
				);
				PRODUCT_BUNDLE_IDENTIFIER = com.charlesmartinreed.PresentBase;
				PRODUCT_NAME = "$(TARGET_NAME)";
				SWIFT_VERSION = 4.0;
				TARGETED_DEVICE_FAMILY = "1,2";
			};
			name = Release;
		};
/* End XCBuildConfiguration section */

/* Begin XCConfigurationList section */
		8CE91324212671010094FF08 /* Build configuration list for PBXProject "PresentBase" */ = {
			isa = XCConfigurationList;
			buildConfigurations = (
				8CE91339212671040094FF08 /* Debug */,
				8CE9133A212671040094FF08 /* Release */,
			);
			defaultConfigurationIsVisible = 0;
			defaultConfigurationName = Release;
		};
		8CE9133B212671040094FF08 /* Build configuration list for PBXNativeTarget "PresentBase" */ = {
			isa = XCConfigurationList;
			buildConfigurations = (
				8CE9133C212671040094FF08 /* Debug */,
				8CE9133D212671040094FF08 /* Release */,
			);
			defaultConfigurationIsVisible = 0;
			defaultConfigurationName = Release;
		};
/* End XCConfigurationList section */

/* Begin XCVersionGroup section */
		8C3351B321271C4000F402B3 /* PresentModel.xcdatamodeld */ = {
			isa = XCVersionGroup;
			children = (
				8C3351B421271C4000F402B3 /* PresentModel.xcdatamodel */,
			);
			currentVersion = 8C3351B421271C4000F402B3 /* PresentModel.xcdatamodel */;
			path = PresentModel.xcdatamodeld;
			sourceTree = "<group>";
			versionGroupType = wrapper.xcdatamodel;
		};
/* End XCVersionGroup section */
	};
	rootObject = 8CE91321212671010094FF08 /* Project object */;
}
